
Microsoft Visual Studio Solution File, Format Version 12.00
# Visual Studio 2013
Project("{FAE04EC0-301F-11D3-BF4B-00C04F79EFBC}") = "UnityVS.Blooper Bash Foes Fall.CSharp", "UnityVS.Blooper Bash Foes Fall.CSharp.csproj", "{00DD6BCD-B48B-B106-4857-91346A4DBA65}"
EndProject
Project("{FAE04EC0-301F-11D3-BF4B-00C04F79EFBC}") = "UnityVS.Blooper Bash Foes Fall.CSharp.Editor", "UnityVS.Blooper Bash Foes Fall.CSharp.Editor.csproj", "{D248DE61-0716-5098-81D5-D3ADDC229110}"
EndProject
Global
	GlobalSection(SolutionConfigurationPlatforms) = preSolution
		Debug|Any CPU = Debug|Any CPU
		Release|Any CPU = Release|Any CPU
	EndGlobalSection
	GlobalSection(ProjectConfigurationPlatforms) = postSolution
		{00DD6BCD-B48B-B106-4857-91346A4DBA65}.Debug|Any CPU.ActiveCfg = Debug|Any CPU
		{00DD6BCD-B48B-B106-4857-91346A4DBA65}.Debug|Any CPU.Build.0 = Debug|Any CPU
		{00DD6BCD-B48B-B106-4857-91346A4DBA65}.Release|Any CPU.ActiveCfg = Release|Any CPU
		{00DD6BCD-B48B-B106-4857-91346A4DBA65}.Release|Any CPU.Build.0 = Release|Any CPU
		{D248DE61-0716-5098-81D5-D3ADDC229110}.Debug|Any CPU.ActiveCfg = Debug|Any CPU
		{D248DE61-0716-5098-81D5-D3ADDC229110}.Debug|Any CPU.Build.0 = Debug|Any CPU
		{D248DE61-0716-5098-81D5-D3ADDC229110}.Release|Any CPU.ActiveCfg = Release|Any CPU
		{D248DE61-0716-5098-81D5-D3ADDC229110}.Release|Any CPU.Build.0 = Release|Any CPU
	EndGlobalSection
	GlobalSection(SolutionProperties) = preSolution
		HideSolutionNode = FALSE
	EndGlobalSection
EndGlobal
